{
    "_readme": [
        "This file locks the dependencies of your project to a known state",
        "Read more about it at https://getcomposer.org/doc/01-basic-usage.md#composer-lock-the-lock-file",
        "This file is @generated automatically"
    ],
    "content-hash": "ca04de0278d1c3179fbcc58c51ff4ef0",
    "packages": [
        {
            "name": "atk4/core",
            "version": "1.3.5",
            "source": {
                "type": "git",
                "url": "https://github.com/atk4/core.git",
                "reference": "e7ea38970cfa02a35f955684413402a72a917de6"
            },
            "dist": {
                "type": "zip",
                "url": "https://api.github.com/repos/atk4/core/zipball/e7ea38970cfa02a35f955684413402a72a917de6",
                "reference": "e7ea38970cfa02a35f955684413402a72a917de6",
                "shasum": ""
            },
            "require": {
                "php": ">=5.5.0",
                "psr/log": "~1.0"
            },
            "require-dev": {
                "codeclimate/php-test-reporter": "*",
                "phpunit/phpunit": "~5.0",
                "satooshi/php-coveralls": "^1.0"
            },
            "type": "library",
            "autoload": {
                "psr-4": {
                    "atk4\\core\\": "src/"
                }
            },
            "notification-url": "https://packagist.org/downloads/",
            "license": [
                "MIT"
            ],
            "authors": [
                {
                    "name": "Romans Malinovskis",
                    "email": "romans@agiletoolkit.org",
                    "homepage": "https://nearly.guru/"
                }
            ],
            "description": "Agile Core - collection of PHP Traits for designing object-oriented frameworks",
            "homepage": "https://github.com/atk4/core",
            "keywords": [
                "Agile Toolkit",
                "framework",
                "php",
                "trains"
            ],
            "time": "2018-02-07T22:14:12+00:00"
        },
        {
            "name": "atk4/data",
            "version": "1.3.0",
            "source": {
                "type": "git",
                "url": "https://github.com/atk4/data.git",
                "reference": "2e827dfa13266e04ddd70b20054d18b1a5ea225a"
            },
            "dist": {
                "type": "zip",
                "url": "https://api.github.com/repos/atk4/data/zipball/2e827dfa13266e04ddd70b20054d18b1a5ea225a",
                "reference": "2e827dfa13266e04ddd70b20054d18b1a5ea225a",
                "shasum": ""
            },
            "require": {
                "atk4/core": "^1.3",
                "atk4/dsql": "^1.2",
                "php": ">=5.6.0"
            },
            "require-dev": {
                "atk4/schema": "*",
                "codeclimate/php-test-reporter": "*",
                "phpunit/phpunit": "<6"
            },
            "type": "library",
            "autoload": {
                "psr-4": {
                    "atk4\\data\\": "src/"
                }
            },
            "notification-url": "https://packagist.org/downloads/",
            "license": [
                "MIT"
            ],
            "authors": [
                {
                    "name": "Romans Malinovskis",
                    "email": "romans@agiletoolkit.org",
                    "homepage": "https://nearly.guru/"
                }
            ],
            "description": "Agile Data - Database access abstraction framework",
            "homepage": "https://github.com/atk4/data",
            "keywords": [
                "Active Record",
                "builder",
                "framework",
                "mongodb",
                "mysql",
                "nosql",
                "orm",
                "postgresql",
                "query",
                "sql"
            ],
            "time": "2018-02-03T14:01:36+00:00"
        },
        {
            "name": "atk4/dsql",
            "version": "1.2.0",
            "source": {
                "type": "git",
                "url": "https://github.com/atk4/dsql.git",
                "reference": "b10b3dfd5e1bce6d2cd1cf9c15075efa1eea8045"
            },
            "dist": {
                "type": "zip",
                "url": "https://api.github.com/repos/atk4/dsql/zipball/b10b3dfd5e1bce6d2cd1cf9c15075efa1eea8045",
                "reference": "b10b3dfd5e1bce6d2cd1cf9c15075efa1eea8045",
                "shasum": ""
            },
            "require": {
                "atk4/core": "^1.3",
                "php": ">=5.6.0"
            },
            "require-dev": {
                "codeclimate/php-test-reporter": "*",
                "phpunit/dbunit": ">=1.2",
                "phpunit/phpcov": "*",
                "phpunit/phpunit": "<6"
            },
            "suggest": {
                "jdorn/sql-formatter": "*"
            },
            "type": "library",
            "autoload": {
                "psr-4": {
                    "atk4\\dsql\\": "src/"
                }
            },
            "notification-url": "https://packagist.org/downloads/",
            "license": [
                "MIT"
            ],
            "authors": [
                {
                    "name": "Romans Malinovskis",
                    "email": "romans@agiletoolkit.org",
                    "homepage": "https://nearly.guru/"
                }
            ],
            "description": "Dynamic SQL Builder in PHP",
            "homepage": "http://agiletoolkit.org/",
            "keywords": [
                "builder",
                "framework",
                "orm",
                "sql"
            ],
            "time": "2018-02-03T13:57:19+00:00"
        },
        {
            "name": "atk4/ui",
            "version": "1.4.1",
            "source": {
                "type": "git",
                "url": "https://github.com/atk4/ui.git",
                "reference": "66999f37aa9ef913bc85a137d543f43c72193571"
            },
            "dist": {
                "type": "zip",
                "url": "https://api.github.com/repos/atk4/ui/zipball/66999f37aa9ef913bc85a137d543f43c72193571",
                "reference": "66999f37aa9ef913bc85a137d543f43c72193571",
                "shasum": ""
            },
            "require": {
                "atk4/core": "^1.3",
                "atk4/data": "^1.3",
                "php": ">=5.6.0"
            },
            "require-dev": {
                "behat/behat": "^3.4",
                "behat/mink-extension": "^2.2",
                "behat/mink-zombie-driver": "^1.4",
                "codeclimate/php-test-reporter": "*",
                "fzaninotto/faker": "*",
                "phpunit/phpcov": "^3.0",
                "phpunit/phpunit": "<6"
            },
            "type": "library",
            "autoload": {
                "psr-4": {
                    "atk4\\ui\\": "src/"
                }
            },
            "notification-url": "https://packagist.org/downloads/",
            "license": [
                "MIT"
            ],
            "authors": [
                {
                    "name": "Romans Malinovskis",
                    "email": "romans@agiletoolkit.org",
                    "homepage": "https://nearly.guru/"
                }
            ],
            "description": "Agile UI - Web Component Framework written in PHP",
            "homepage": "https://agiletoolkit.org/ui",
            "keywords": [
                "button",
                "component",
                "crud",
                "form",
                "framework",
                "gadget",
                "grid",
                "render",
                "ui",
                "web",
                "widget"
            ],
            "time": "2018-02-03T14:14:26+00:00"
        },
        {
            "name": "psr/log",
            "version": "1.0.2",
            "source": {
                "type": "git",
                "url": "https://github.com/php-fig/log.git",
                "reference": "4ebe3a8bf773a19edfe0a84b6585ba3d401b724d"
            },
            "dist": {
                "type": "zip",
                "url": "https://api.github.com/repos/php-fig/log/zipball/4ebe3a8bf773a19edfe0a84b6585ba3d401b724d",
                "reference": "4ebe3a8bf773a19edfe0a84b6585ba3d401b724d",
                "shasum": ""
            },
            "require": {
                "php": ">=5.3.0"
            },
            "type": "library",
            "extra": {
                "branch-alias": {
                    "dev-master": "1.0.x-dev"
                }
            },
            "autoload": {
                "psr-4": {
                    "Psr\\Log\\": "Psr/Log/"
                }
            },
            "notification-url": "https://packagist.org/downloads/",
            "license": [
                "MIT"
            ],
            "authors": [
                {
                    "name": "PHP-FIG",
                    "homepage": "http://www.php-fig.org/"
                }
            ],
            "description": "Common interface for logging libraries",
            "homepage": "https://github.com/php-fig/log",
            "keywords": [
                "log",
                "psr",
                "psr-3"
            ],
            "time": "2016-10-10T12:19:37+00:00"
        },
        {
            "name": "twilio/sdk",
            "version": "5.16.5",
            "source": {
                "type": "git",
                "url": "https://github.com/twilio/twilio-php.git",
                "reference": "d33971d26a1f6c2d7914d6df1d76601f2921fb2a"
            },
            "dist": {
                "type": "zip",
                "url": "https://api.github.com/repos/twilio/twilio-php/zipball/d33971d26a1f6c2d7914d6df1d76601f2921fb2a",
                "reference": "d33971d26a1f6c2d7914d6df1d76601f2921fb2a",
                "shasum": ""
            },
            "require": {
                "php": ">=5.3.0"
            },
            "require-dev": {
                "apigen/apigen": "^4.1",
                "phpunit/phpunit": "4.5.*"
            },
            "type": "library",
            "autoload": {
                "psr-4": {
                    "Twilio\\": "Twilio/"
                }
            },
            "notification-url": "https://packagist.org/downloads/",
            "license": [
                "MIT"
            ],
            "authors": [
                {
                    "name": "Twilio API Team",
                    "email": "api@twilio.com"
                }
            ],
            "description": "A PHP wrapper for Twilio's API",
            "homepage": "http://github.com/twilio/twilio-php",
            "keywords": [
                "api",
                "sms",
                "twilio"
            ],
            "time": "2018-02-09T23:39:06+00:00"
        }
    ],
    "packages-dev": [],
    "aliases": [],
    "minimum-stability": "stable",
    "stability-flags": [],
    "prefer-stable": false,
    "prefer-lowest": false,
    "platform": [],
    "platform-dev": []
}
