{
    "_readme": [
        "This file locks the dependencies of your project to a known state",
        "Read more about it at https://getcomposer.org/doc/01-basic-usage.md#composer-lock-the-lock-file",
        "This file is @generated automatically"
    ],
    "content-hash": "7bee05b5fa1190dbf763b7ecdcb77789",
    "packages": [
        {
            "name": "atk4/core",
            "version": "1.3.7",
            "source": {
                "type": "git",
                "url": "https://github.com/atk4/core.git",
                "reference": "315796cec08f5843092bbdbb05549461c2732ede"
            },
            "dist": {
                "type": "zip",
                "url": "https://api.github.com/repos/atk4/core/zipball/315796cec08f5843092bbdbb05549461c2732ede",
                "reference": "315796cec08f5843092bbdbb05549461c2732ede",
                "shasum": ""
            },
            "require": {
                "php": ">=5.5.0",
                "psr/log": "~1.0"
            },
            "require-dev": {
                "codeclimate/php-test-reporter": "*",
                "phpunit/phpunit": "~5.0",
                "satooshi/php-coveralls": "^1.0"
            },
            "type": "library",
            "autoload": {
                "psr-4": {
                    "atk4\\core\\": "src/"
                }
            },
            "notification-url": "https://packagist.org/downloads/",
            "license": [
                "MIT"
            ],
            "authors": [
                {
                    "name": "Romans Malinovskis",
                    "email": "romans@agiletoolkit.org",
                    "homepage": "https://nearly.guru/"
                }
            ],
            "description": "Agile Core - collection of PHP Traits for designing object-oriented frameworks",
            "homepage": "https://github.com/atk4/core",
            "keywords": [
                "Agile Toolkit",
                "framework",
                "php",
                "trains"
            ],
            "time": "2018-03-07T18:25:28+00:00"
        },
        {
            "name": "atk4/data",
            "version": "1.3.1",
            "source": {
                "type": "git",
                "url": "https://github.com/atk4/data.git",
                "reference": "b4f98dc5bf7f52ee4f9e52d8b27084a7602e0ed9"
            },
            "dist": {
                "type": "zip",
                "url": "https://api.github.com/repos/atk4/data/zipball/b4f98dc5bf7f52ee4f9e52d8b27084a7602e0ed9",
                "reference": "b4f98dc5bf7f52ee4f9e52d8b27084a7602e0ed9",
                "shasum": ""
            },
            "require": {
                "atk4/core": "^1.3",
                "atk4/dsql": "^1.2",
                "php": ">=5.6.0"
            },
            "require-dev": {
                "atk4/schema": "*",
                "codeclimate/php-test-reporter": "*",
                "phpunit/phpunit": "<6"
            },
            "type": "library",
            "autoload": {
                "psr-4": {
                    "atk4\\data\\": "src/"
                }
            },
            "notification-url": "https://packagist.org/downloads/",
            "license": [
                "MIT"
            ],
            "authors": [
                {
                    "name": "Romans Malinovskis",
                    "email": "romans@agiletoolkit.org",
                    "homepage": "https://nearly.guru/"
                }
            ],
            "description": "Agile Data - Database access abstraction framework",
            "homepage": "https://github.com/atk4/data",
            "keywords": [
                "Active Record",
                "builder",
                "framework",
                "mongodb",
                "mysql",
                "nosql",
                "orm",
                "postgresql",
                "query",
                "sql"
            ],
            "time": "2018-03-02T12:19:21+00:00"
        },
        {
            "name": "atk4/dsql",
            "version": "1.2.1",
            "source": {
                "type": "git",
                "url": "https://github.com/atk4/dsql.git",
                "reference": "f0544dae22c33e5581528add88bd8ee0a7034561"
            },
            "dist": {
                "type": "zip",
                "url": "https://api.github.com/repos/atk4/dsql/zipball/f0544dae22c33e5581528add88bd8ee0a7034561",
                "reference": "f0544dae22c33e5581528add88bd8ee0a7034561",
                "shasum": ""
            },
            "require": {
                "atk4/core": "^1.3",
                "php": ">=5.6.0"
            },
            "require-dev": {
                "codeclimate/php-test-reporter": "*",
                "phpunit/dbunit": ">=1.2",
                "phpunit/phpcov": "*",
                "phpunit/phpunit": "<6"
            },
            "suggest": {
                "jdorn/sql-formatter": "*"
            },
            "type": "library",
            "autoload": {
                "psr-4": {
                    "atk4\\dsql\\": "src/"
                }
            },
            "notification-url": "https://packagist.org/downloads/",
            "license": [
                "MIT"
            ],
            "authors": [
                {
                    "name": "Romans Malinovskis",
                    "email": "romans@agiletoolkit.org",
                    "homepage": "https://nearly.guru/"
                }
            ],
            "description": "Dynamic SQL Builder in PHP",
            "homepage": "http://agiletoolkit.org/",
            "keywords": [
                "builder",
                "framework",
                "orm",
                "sql"
            ],
            "time": "2018-03-02T12:02:27+00:00"
        },
        {
            "name": "atk4/ui",
            "version": "1.4.4",
            "source": {
                "type": "git",
                "url": "https://github.com/atk4/ui.git",
                "reference": "314667e41a74bfb980f0726d24f88902360c42ab"
            },
            "dist": {
                "type": "zip",
                "url": "https://api.github.com/repos/atk4/ui/zipball/314667e41a74bfb980f0726d24f88902360c42ab",
                "reference": "314667e41a74bfb980f0726d24f88902360c42ab",
                "shasum": ""
            },
            "require": {
                "atk4/core": "^1.3",
                "atk4/data": "^1.3",
                "php": ">=5.6.0"
            },
            "require-dev": {
                "behat/behat": "^3.4",
                "behat/mink-extension": "^2.2",
                "behat/mink-zombie-driver": "^1.4",
                "codeclimate/php-test-reporter": "*",
                "fzaninotto/faker": "*",
                "phpunit/phpcov": "^3.0",
                "phpunit/phpunit": "<6"
            },
            "type": "library",
            "autoload": {
                "psr-4": {
                    "atk4\\ui\\": "src/"
                }
            },
            "notification-url": "https://packagist.org/downloads/",
            "license": [
                "MIT"
            ],
            "authors": [
                {
                    "name": "Romans Malinovskis",
                    "email": "romans@agiletoolkit.org",
                    "homepage": "https://nearly.guru/"
                }
            ],
            "description": "Agile UI - Web Component Framework written in PHP",
            "homepage": "https://agiletoolkit.org/ui",
            "keywords": [
                "button",
                "component",
                "crud",
                "form",
                "framework",
                "gadget",
                "grid",
                "render",
                "ui",
                "web",
                "widget"
            ],
            "time": "2018-03-08T13:51:33+00:00"
        },
        {
            "name": "psr/log",
            "version": "1.0.2",
            "source": {
                "type": "git",
                "url": "https://github.com/php-fig/log.git",
                "reference": "4ebe3a8bf773a19edfe0a84b6585ba3d401b724d"
            },
            "dist": {
                "type": "zip",
                "url": "https://api.github.com/repos/php-fig/log/zipball/4ebe3a8bf773a19edfe0a84b6585ba3d401b724d",
                "reference": "4ebe3a8bf773a19edfe0a84b6585ba3d401b724d",
                "shasum": ""
            },
            "require": {
                "php": ">=5.3.0"
            },
            "type": "library",
            "extra": {
                "branch-alias": {
                    "dev-master": "1.0.x-dev"
                }
            },
            "autoload": {
                "psr-4": {
                    "Psr\\Log\\": "Psr/Log/"
                }
            },
            "notification-url": "https://packagist.org/downloads/",
            "license": [
                "MIT"
            ],
            "authors": [
                {
                    "name": "PHP-FIG",
                    "homepage": "http://www.php-fig.org/"
                }
            ],
            "description": "Common interface for logging libraries",
            "homepage": "https://github.com/php-fig/log",
            "keywords": [
                "log",
                "psr",
                "psr-3"
            ],
            "time": "2016-10-10T12:19:37+00:00"
        }
    ],
    "packages-dev": [],
    "aliases": [],
    "minimum-stability": "stable",
    "stability-flags": [],
    "prefer-stable": false,
    "prefer-lowest": false,
    "platform": [],
    "platform-dev": []
}
